// !$*UTF8*$!
{
	archiveVersion = 1;
	classes = {
	};
	objectVersion = 46;
	objects = {

/* Begin PBXBuildFile section */
		5C6357B81DEB490300206023 /* main.m in Sources */ = {isa = PBXBuildFile; fileRef = 5C6357B71DEB490300206023 /* main.m */; };
		5C6357BB1DEB490300206023 /* AppDelegate.m in Sources */ = {isa = PBXBuildFile; fileRef = 5C6357BA1DEB490300206023 /* AppDelegate.m */; };
		5C6357BE1DEB490300206023 /* ViewController.m in Sources */ = {isa = PBXBuildFile; fileRef = 5C6357BD1DEB490300206023 /* ViewController.m */; };
		5C6357C11DEB490300206023 /* Main.storyboard in Resources */ = {isa = PBXBuildFile; fileRef = 5C6357BF1DEB490300206023 /* Main.storyboard */; };
		5C6357C31DEB490300206023 /* Assets.xcassets in Resources */ = {isa = PBXBuildFile; fileRef = 5C6357C21DEB490300206023 /* Assets.xcassets */; };
		5C6357C61DEB490300206023 /* LaunchScreen.storyboard in Resources */ = {isa = PBXBuildFile; fileRef = 5C6357C41DEB490300206023 /* LaunchScreen.storyboard */; };
		5C6357D11DEB490300206023 /* ColorBackgroundPhotoTests.m in Sources */ = {isa = PBXBuildFile; fileRef = 5C6357D01DEB490300206023 /* ColorBackgroundPhotoTests.m */; };
		5C6357DC1DEB490300206023 /* ColorBackgroundPhotoUITests.m in Sources */ = {isa = PBXBuildFile; fileRef = 5C6357DB1DEB490300206023 /* ColorBackgroundPhotoUITests.m */; };
/* End PBXBuildFile section */

/* Begin PBXContainerItemProxy section */
		5C6357CD1DEB490300206023 /* PBXContainerItemProxy */ = {
			isa = PBXContainerItemProxy;
			containerPortal = 5C6357AB1DEB490300206023 /* Project object */;
			proxyType = 1;
			remoteGlobalIDString = 5C6357B21DEB490300206023;
			remoteInfo = ColorBackgroundPhoto;
		};
		5C6357D81DEB490300206023 /* PBXContainerItemProxy */ = {
			isa = PBXContainerItemProxy;
			containerPortal = 5C6357AB1DEB490300206023 /* Project object */;
			proxyType = 1;
			remoteGlobalIDString = 5C6357B21DEB490300206023;
			remoteInfo = ColorBackgroundPhoto;
		};
/* End PBXContainerItemProxy section */

/* Begin PBXFileReference section */
		5C6357B31DEB490300206023 /* ColorBackgroundPhoto.app */ = {isa = PBXFileReference; explicitFileType = wrapper.application; includeInIndex = 0; path = ColorBackgroundPhoto.app; sourceTree = BUILT_PRODUCTS_DIR; };
		5C6357B71DEB490300206023 /* main.m */ = {isa = PBXFileReference; lastKnownFileType = sourcecode.c.objc; path = main.m; sourceTree = "<group>"; };
		5C6357B91DEB490300206023 /* AppDelegate.h */ = {isa = PBXFileReference; lastKnownFileType = sourcecode.c.h; path = AppDelegate.h; sourceTree = "<group>"; };
		5C6357BA1DEB490300206023 /* AppDelegate.m */ = {isa = PBXFileReference; lastKnownFileType = sourcecode.c.objc; path = AppDelegate.m; sourceTree = "<group>"; };
		5C6357BC1DEB490300206023 /* ViewController.h */ = {isa = PBXFileReference; lastKnownFileType = sourcecode.c.h; path = ViewController.h; sourceTree = "<group>"; };
		5C6357BD1DEB490300206023 /* ViewController.m */ = {isa = PBXFileReference; lastKnownFileType = sourcecode.c.objc; path = ViewController.m; sourceTree = "<group>"; };
		5C6357C01DEB490300206023 /* Base */ = {isa = PBXFileReference; lastKnownFileType = file.storyboard; name = Base; path = Base.lproj/Main.storyboard; sourceTree = "<group>"; };
		5C6357C21DEB490300206023 /* Assets.xcassets */ = {isa = PBXFileReference; lastKnownFileType = folder.assetcatalog; path = Assets.xcassets; sourceTree = "<group>"; };
		5C6357C51DEB490300206023 /* Base */ = {isa = PBXFileReference; lastKnownFileType = file.storyboard; name = Base; path = Base.lproj/LaunchScreen.storyboard; sourceTree = "<group>"; };
		5C6357C71DEB490300206023 /* Info.plist */ = {isa = PBXFileReference; lastKnownFileType = text.plist.xml; path = Info.plist; sourceTree = "<group>"; };
		5C6357CC1DEB490300206023 /* ColorBackgroundPhotoTests.xctest */ = {isa = PBXFileReference; explicitFileType = wrapper.cfbundle; includeInIndex = 0; path = ColorBackgroundPhotoTests.xctest; sourceTree = BUILT_PRODUCTS_DIR; };
		5C6357D01DEB490300206023 /* ColorBackgroundPhotoTests.m */ = {isa = PBXFileReference; lastKnownFileType = sourcecode.c.objc; path = ColorBackgroundPhotoTests.m; sourceTree = "<group>"; };
		5C6357D21DEB490300206023 /* Info.plist */ = {isa = PBXFileReference; lastKnownFileType = text.plist.xml; path = Info.plist; sourceTree = "<group>"; };
		5C6357D71DEB490300206023 /* ColorBackgroundPhotoUITests.xctest */ = {isa = PBXFileReference; explicitFileType = wrapper.cfbundle; includeInIndex = 0; path = ColorBackgroundPhotoUITests.xctest; sourceTree = BUILT_PRODUCTS_DIR; };
		5C6357DB1DEB490300206023 /* ColorBackgroundPhotoUITests.m */ = {isa = PBXFileReference; lastKnownFileType = sourcecode.c.objc; path = ColorBackgroundPhotoUITests.m; sourceTree = "<group>"; };
		5C6357DD1DEB490300206023 /* Info.plist */ = {isa = PBXFileReference; lastKnownFileType = text.plist.xml; path = Info.plist; sourceTree = "<group>"; };
/* End PBXFileReference section */

/* Begin PBXFrameworksBuildPhase section */
		5C6357B01DEB490300206023 /* Frameworks */ = {
			isa = PBXFrameworksBuildPhase;
			buildActionMask = 2147483647;
			files = (
			);
			runOnlyForDeploymentPostprocessing = 0;
		};
		5C6357C91DEB490300206023 /* Frameworks */ = {
			isa = PBXFrameworksBuildPhase;
			buildActionMask = 2147483647;
			files = (
			);
			runOnlyForDeploymentPostprocessing = 0;
		};
		5C6357D41DEB490300206023 /* Frameworks */ = {
			isa = PBXFrameworksBuildPhase;
			buildActionMask = 2147483647;
			files = (
			);
			runOnlyForDeploymentPostprocessing = 0;
		};
/* End PBXFrameworksBuildPhase section */

/* Begin PBXGroup section */
		5C6357AA1DEB490300206023 = {
			isa = PBXGroup;
			children = (
				5C6357B51DEB490300206023 /* ColorBackgroundPhoto */,
				5C6357CF1DEB490300206023 /* ColorBackgroundPhotoTests */,
				5C6357DA1DEB490300206023 /* ColorBackgroundPhotoUITests */,
				5C6357B41DEB490300206023 /* Products */,
			);
			sourceTree = "<group>";
		};
		5C6357B41DEB490300206023 /* Products */ = {
			isa = PBXGroup;
			children = (
				5C6357B31DEB490300206023 /* ColorBackgroundPhoto.app */,
				5C6357CC1DEB490300206023 /* ColorBackgroundPhotoTests.xctest */,
				5C6357D71DEB490300206023 /* ColorBackgroundPhotoUITests.xctest */,
			);
			name = Products;
			sourceTree = "<group>";
		};
		5C6357B51DEB490300206023 /* ColorBackgroundPhoto */ = {
			isa = PBXGroup;
			children = (
				5C6357B91DEB490300206023 /* AppDelegate.h */,
				5C6357BA1DEB490300206023 /* AppDelegate.m */,
				5C6357BC1DEB490300206023 /* ViewController.h */,
				5C6357BD1DEB490300206023 /* ViewController.m */,
				5C6357BF1DEB490300206023 /* Main.storyboard */,
				5C6357C21DEB490300206023 /* Assets.xcassets */,
				5C6357C41DEB490300206023 /* LaunchScreen.storyboard */,
				5C6357C71DEB490300206023 /* Info.plist */,
				5C6357B61DEB490300206023 /* Supporting Files */,
			);
			path = ColorBackgroundPhoto;
			sourceTree = "<group>";
		};
		5C6357B61DEB490300206023 /* Supporting Files */ = {
			isa = PBXGroup;
			children = (
				5C6357B71DEB490300206023 /* main.m */,
			);
			name = "Supporting Files";
			sourceTree = "<group>";
		};
		5C6357CF1DEB490300206023 /* ColorBackgroundPhotoTests */ = {
			isa = PBXGroup;
			children = (
				5C6357D01DEB490300206023 /* ColorBackgroundPhotoTests.m */,
				5C6357D21DEB490300206023 /* Info.plist */,
			);
			path = ColorBackgroundPhotoTests;
			sourceTree = "<group>";
		};
		5C6357DA1DEB490300206023 /* ColorBackgroundPhotoUITests */ = {
			isa = PBXGroup;
			children = (
				5C6357DB1DEB490300206023 /* ColorBackgroundPhotoUITests.m */,
				5C6357DD1DEB490300206023 /* Info.plist */,
			);
			path = ColorBackgroundPhotoUITests;
			sourceTree = "<group>";
		};
/* End PBXGroup section */

/* Begin PBXNativeTarget section */
		5C6357B21DEB490300206023 /* ColorBackgroundPhoto */ = {
			isa = PBXNativeTarget;
			buildConfigurationList = 5C6357E01DEB490300206023 /* Build configuration list for PBXNativeTarget "ColorBackgroundPhoto" */;
			buildPhases = (
				5C6357AF1DEB490300206023 /* Sources */,
				5C6357B01DEB490300206023 /* Frameworks */,
				5C6357B11DEB490300206023 /* Resources */,
			);
			buildRules = (
			);
			dependencies = (
			);
			name = ColorBackgroundPhoto;
			productName = ColorBackgroundPhoto;
			productReference = 5C6357B31DEB490300206023 /* ColorBackgroundPhoto.app */;
			productType = "com.apple.product-type.application";
		};
		5C6357CB1DEB490300206023 /* ColorBackgroundPhotoTests */ = {
			isa = PBXNativeTarget;
			buildConfigurationList = 5C6357E31DEB490300206023 /* Build configuration list for PBXNativeTarget "ColorBackgroundPhotoTests" */;
			buildPhases = (
				5C6357C81DEB490300206023 /* Sources */,
				5C6357C91DEB490300206023 /* Frameworks */,
				5C6357CA1DEB490300206023 /* Resources */,
			);
			buildRules = (
			);
			dependencies = (
				5C6357CE1DEB490300206023 /* PBXTargetDependency */,
			);
			name = ColorBackgroundPhotoTests;
			productName = ColorBackgroundPhotoTests;
			productReference = 5C6357CC1DEB490300206023 /* ColorBackgroundPhotoTests.xctest */;
			productType = "com.apple.product-type.bundle.unit-test";
		};
		5C6357D61DEB490300206023 /* ColorBackgroundPhotoUITests */ = {
			isa = PBXNativeTarget;
			buildConfigurationList = 5C6357E61DEB490300206023 /* Build configuration list for PBXNativeTarget "ColorBackgroundPhotoUITests" */;
			buildPhases = (
				5C6357D31DEB490300206023 /* Sources */,
				5C6357D41DEB490300206023 /* Frameworks */,
				5C6357D51DEB490300206023 /* Resources */,
			);
			buildRules = (
			);
			dependencies = (
				5C6357D91DEB490300206023 /* PBXTargetDependency */,
			);
			name = ColorBackgroundPhotoUITests;
			productName = ColorBackgroundPhotoUITests;
			productReference = 5C6357D71DEB490300206023 /* ColorBackgroundPhotoUITests.xctest */;
			productType = "com.apple.product-type.bundle.ui-testing";
		};
/* End PBXNativeTarget section */

/* Begin PBXProject section */
		5C6357AB1DEB490300206023 /* Project object */ = {
			isa = PBXProject;
			attributes = {
				LastUpgradeCheck = 0810;
				ORGANIZATIONNAME = sealband;
				TargetAttributes = {
					5C6357B21DEB490300206023 = {
						CreatedOnToolsVersion = 8.1;
						DevelopmentTeam = 9NHDK7MJ7F;
						ProvisioningStyle = Automatic;
					};
					5C6357CB1DEB490300206023 = {
						CreatedOnToolsVersion = 8.1;
						DevelopmentTeam = 9NHDK7MJ7F;
						ProvisioningStyle = Automatic;
						TestTargetID = 5C6357B21DEB490300206023;
					};
					5C6357D61DEB490300206023 = {
						CreatedOnToolsVersion = 8.1;
						DevelopmentTeam = 9NHDK7MJ7F;
						ProvisioningStyle = Automatic;
						TestTargetID = 5C6357B21DEB490300206023;
					};
				};
			};
			buildConfigurationList = 5C6357AE1DEB490300206023 /* Build configuration list for PBXProject "ColorBackgroundPhoto" */;
			compatibilityVersion = "Xcode 3.2";
			developmentRegion = English;
			hasScannedForEncodings = 0;
			knownRegions = (
				en,
				Base,
			);
			mainGroup = 5C6357AA1DEB490300206023;
			productRefGroup = 5C6357B41DEB490300206023 /* Products */;
			projectDirPath = "";
			projectRoot = "";
			targets = (
				5C6357B21DEB490300206023 /* ColorBackgroundPhoto */,
				5C6357CB1DEB490300206023 /* ColorBackgroundPhotoTests */,
				5C6357D61DEB490300206023 /* ColorBackgroundPhotoUITests */,
			);
		};
/* End PBXProject section */

/* Begin PBXResourcesBuildPhase section */
		5C6357B11DEB490300206023 /* Resources */ = {
			isa = PBXResourcesBuildPhase;
			buildActionMask = 2147483647;
			files = (
				5C6357C61DEB490300206023 /* LaunchScreen.storyboard in Resources */,
				5C6357C31DEB490300206023 /* Assets.xcassets in Resources */,
				5C6357C11DEB490300206023 /* Main.storyboard in Resources */,
			);
			runOnlyForDeploymentPostprocessing = 0;
		};
		5C6357CA1DEB490300206023 /* Resources */ = {
			isa = PBXResourcesBuildPhase;
			buildActionMask = 2147483647;
			files = (
			);
			runOnlyForDeploymentPostprocessing = 0;
		};
		5C6357D51DEB490300206023 /* Resources */ = {
			isa = PBXResourcesBuildPhase;
			buildActionMask = 2147483647;
			files = (
			);
			runOnlyForDeploymentPostprocessing = 0;
		};
/* End PBXResourcesBuildPhase section */

/* Begin PBXSourcesBuildPhase section */
		5C6357AF1DEB490300206023 /* Sources */ = {
			isa = PBXSourcesBuildPhase;
			buildActionMask = 2147483647;
			files = (
				5C6357BE1DEB490300206023 /* ViewController.m in Sources */,
				5C6357BB1DEB490300206023 /* AppDelegate.m in Sources */,
				5C6357B81DEB490300206023 /* main.m in Sources */,
			);
			runOnlyForDeploymentPostprocessing = 0;
		};
		5C6357C81DEB490300206023 /* Sources */ = {
			isa = PBXSourcesBuildPhase;
			buildActionMask = 2147483647;
			files = (
				5C6357D11DEB490300206023 /* ColorBackgroundPhotoTests.m in Sources */,
			);
			runOnlyForDeploymentPostprocessing = 0;
		};
		5C6357D31DEB490300206023 /* Sources */ = {
			isa = PBXSourcesBuildPhase;
			buildActionMask = 2147483647;
			files = (
				5C6357DC1DEB490300206023 /* ColorBackgroundPhotoUITests.m in Sources */,
			);
			runOnlyForDeploymentPostprocessing = 0;
		};
/* End PBXSourcesBuildPhase section */

/* Begin PBXTargetDependency section */
		5C6357CE1DEB490300206023 /* PBXTargetDependency */ = {
			isa = PBXTargetDependency;
			target = 5C6357B21DEB490300206023 /* ColorBackgroundPhoto */;
			targetProxy = 5C6357CD1DEB490300206023 /* PBXContainerItemProxy */;
		};
		5C6357D91DEB490300206023 /* PBXTargetDependency */ = {
			isa = PBXTargetDependency;
			target = 5C6357B21DEB490300206023 /* ColorBackgroundPhoto */;
			targetProxy = 5C6357D81DEB490300206023 /* PBXContainerItemProxy */;
		};
/* End PBXTargetDependency section */

/* Begin PBXVariantGroup section */
		5C6357BF1DEB490300206023 /* Main.storyboard */ = {
			isa = PBXVariantGroup;
			children = (
				5C6357C01DEB490300206023 /* Base */,
			);
			name = Main.storyboard;
			sourceTree = "<group>";
		};
		5C6357C41DEB490300206023 /* LaunchScreen.storyboard */ = {
			isa = PBXVariantGroup;
			children = (
				5C6357C51DEB490300206023 /* Base */,
			);
			name = LaunchScreen.storyboard;
			sourceTree = "<group>";
		};
/* End PBXVariantGroup section */

/* Begin XCBuildConfiguration section */
		5C6357DE1DEB490300206023 /* Debug */ = {
			isa = XCBuildConfiguration;
			buildSettings = {
				ALWAYS_SEARCH_USER_PATHS = NO;
				CLANG_ANALYZER_NONNULL = YES;
				CLANG_CXX_LANGUAGE_STANDARD = "gnu++0x";
				CLANG_CXX_LIBRARY = "libc++";
				CLANG_ENABLE_MODULES = YES;
				CLANG_ENABLE_OBJC_ARC = YES;
				CLANG_WARN_BOOL_CONVERSION = YES;
				CLANG_WARN_CONSTANT_CONVERSION = YES;
				CLANG_WARN_DIRECT_OBJC_ISA_USAGE = YES_ERROR;
				CLANG_WARN_DOCUMENTATION_COMMENTS = YES;
				CLANG_WARN_EMPTY_BODY = YES;
				CLANG_WARN_ENUM_CONVERSION = YES;
				CLANG_WARN_INFINITE_RECURSION = YES;
				CLANG_WARN_INT_CONVERSION = YES;
				CLANG_WARN_OBJC_ROOT_CLASS = YES_ERROR;
				CLANG_WARN_SUSPICIOUS_MOVES = YES;
				CLANG_WARN_UNREACHABLE_CODE = YES;
				CLANG_WARN__DUPLICATE_METHOD_MATCH = YES;
				"CODE_SIGN_IDENTITY[sdk=iphoneos*]" = "iPhone Developer";
				COPY_PHASE_STRIP = NO;
				DEBUG_INFORMATION_FORMAT = dwarf;
				ENABLE_STRICT_OBJC_MSGSEND = YES;
				ENABLE_TESTABILITY = YES;
				GCC_C_LANGUAGE_STANDARD = gnu99;
				GCC_DYNAMIC_NO_PIC = NO;
				GCC_NO_COMMON_BLOCKS = YES;
				GCC_OPTIMIZATION_LEVEL = 0;
				GCC_PREPROCESSOR_DEFINITIONS = (
					"DEBUG=1",
					"$(inherited)",
				);
				GCC_WARN_64_TO_32_BIT_CONVERSION = YES;
				GCC_WARN_ABOUT_RETURN_TYPE = YES_ERROR;
				GCC_WARN_UNDECLARED_SELECTOR = YES;
				GCC_WARN_UNINITIALIZED_AUTOS = YES_AGGRESSIVE;
				GCC_WARN_UNUSED_FUNCTION = YES;
				GCC_WARN_UNUSED_VARIABLE = YES;
				IPHONEOS_DEPLOYMENT_TARGET = 10.1;
				MTL_ENABLE_DEBUG_INFO = YES;
				ONLY_ACTIVE_ARCH = YES;
				SDKROOT = iphoneos;
				TARGETED_DEVICE_FAMILY = "1,2";
			};
			name = Debug;
		};
		5C6357DF1DEB490300206023 /* Release */ = {
			isa = XCBuildConfiguration;
			buildSettings = {
				ALWAYS_SEARCH_USER_PATHS = NO;
				CLANG_ANALYZER_NONNULL = YES;
				CLANG_CXX_LANGUAGE_STANDARD = "gnu++0x";
				CLANG_CXX_LIBRARY = "libc++";
				CLANG_ENABLE_MODULES = YES;
				CLANG_ENABLE_OBJC_ARC = YES;
				CLANG_WARN_BOOL_CONVERSION = YES;
				CLANG_WARN_CONSTANT_CONVERSION = YES;
				CLANG_WARN_DIRECT_OBJC_ISA_USAGE = YES_ERROR;
				CLANG_WARN_DOCUMENTATION_COMMENTS = YES;
				CLANG_WARN_EMPTY_BODY = YES;
				CLANG_WARN_ENUM_CONVERSION = YES;
				CLANG_WARN_INFINITE_RECURSION = YES;
				CLANG_WARN_INT_CONVERSION = YES;
				CLANG_WARN_OBJC_ROOT_CLASS = YES_ERROR;
				CLANG_WARN_SUSPICIOUS_MOVES = YES;
				CLANG_WARN_UNREACHABLE_CODE = YES;
				CLANG_WARN__DUPLICATE_METHOD_MATCH = YES;
				"CODE_SIGN_IDENTITY[sdk=iphoneos*]" = "iPhone Developer";
				COPY_PHASE_STRIP = NO;
				DEBUG_INFORMATION_FORMAT = "dwarf-with-dsym";
				ENABLE_NS_ASSERTIONS = NO;
				ENABLE_STRICT_OBJC_MSGSEND = YES;
				GCC_C_LANGUAGE_STANDARD = gnu99;
				GCC_NO_COMMON_BLOCKS = YES;
				GCC_WARN_64_TO_32_BIT_CONVERSION = YES;
				GCC_WARN_ABOUT_RETURN_TYPE = YES_ERROR;
				GCC_WARN_UNDECLARED_SELECTOR = YES;
				GCC_WARN_UNINITIALIZED_AUTOS = YES_AGGRESSIVE;
				GCC_WARN_UNUSED_FUNCTION = YES;
				GCC_WARN_UNUSED_VARIABLE = YES;
				IPHONEOS_DEPLOYMENT_TARGET = 10.1;
				MTL_ENABLE_DEBUG_INFO = NO;
				SDKROOT = iphoneos;
				TARGETED_DEVICE_FAMILY = "1,2";
				VALIDATE_PRODUCT = YES;
			};
			name = Release;
		};
		5C6357E11DEB490300206023 /* Debug */ = {
			isa = XCBuildConfiguration;
			buildSettings = {
				ASSETCATALOG_COMPILER_APPICON_NAME = AppIcon;
				DEVELOPMENT_TEAM = 9NHDK7MJ7F;
				INFOPLIST_FILE = ColorBackgroundPhoto/Info.plist;
				LD_RUNPATH_SEARCH_PATHS = "$(inherited) @executable_path/Frameworks";
				PRODUCT_BUNDLE_IDENTIFIER = sellseal.ColorBackgroundPhoto;
				PRODUCT_NAME = "$(TARGET_NAME)";
			};
			name = Debug;
		};
		5C6357E21DEB490300206023 /* Release */ = {
			isa = XCBuildConfiguration;
			buildSettings = {
				ASSETCATALOG_COMPILER_APPICON_NAME = AppIcon;
				DEVELOPMENT_TEAM = 9NHDK7MJ7F;
				INFOPLIST_FILE = ColorBackgroundPhoto/Info.plist;
				LD_RUNPATH_SEARCH_PATHS = "$(inherited) @executable_path/Frameworks";
				PRODUCT_BUNDLE_IDENTIFIER = sellseal.ColorBackgroundPhoto;
				PRODUCT_NAME = "$(TARGET_NAME)";
			};
			name = Release;
		};
		5C6357E41DEB490300206023 /* Debug */ = {
			isa = XCBuildConfiguration;
			buildSettings = {
				BUNDLE_LOADER = "$(TEST_HOST)";
				DEVELOPMENT_TEAM = 9NHDK7MJ7F;
				INFOPLIST_FILE = ColorBackgroundPhotoTests/Info.plist;
				LD_RUNPATH_SEARCH_PATHS = "$(inherited) @executable_path/Frameworks @loader_path/Frameworks";
				PRODUCT_BUNDLE_IDENTIFIER = sellseal.ColorBackgroundPhotoTests;
				PRODUCT_NAME = "$(TARGET_NAME)";
				TEST_HOST = "$(BUILT_PRODUCTS_DIR)/ColorBackgroundPhoto.app/ColorBackgroundPhoto";
			};
			name = Debug;
		};
		5C6357E51DEB490300206023 /* Release */ = {
			isa = XCBuildConfiguration;
			buildSettings = {
				BUNDLE_LOADER = "$(TEST_HOST)";
				DEVELOPMENT_TEAM = 9NHDK7MJ7F;
				INFOPLIST_FILE = ColorBackgroundPhotoTests/Info.plist;
				LD_RUNPATH_SEARCH_PATHS = "$(inherited) @executable_path/Frameworks @loader_path/Frameworks";
				PRODUCT_BUNDLE_IDENTIFIER = sellseal.ColorBackgroundPhotoTests;
				PRODUCT_NAME = "$(TARGET_NAME)";
				TEST_HOST = "$(BUILT_PRODUCTS_DIR)/ColorBackgroundPhoto.app/ColorBackgroundPhoto";
			};
			name = Release;
		};
		5C6357E71DEB490300206023 /* Debug */ = {
			isa = XCBuildConfiguration;
			buildSettings = {
				DEVELOPMENT_TEAM = 9NHDK7MJ7F;
				INFOPLIST_FILE = ColorBackgroundPhotoUITests/Info.plist;
				LD_RUNPATH_SEARCH_PATHS = "$(inherited) @executable_path/Frameworks @loader_path/Frameworks";
				PRODUCT_BUNDLE_IDENTIFIER = sellseal.ColorBackgroundPhotoUITests;
				PRODUCT_NAME = "$(TARGET_NAME)";
				TEST_TARGET_NAME = ColorBackgroundPhoto;
			};
			name = Debug;
		};
		5C6357E81DEB490300206023 /* Release */ = {
			isa = XCBuildConfiguration;
			buildSettings = {
				DEVELOPMENT_TEAM = 9NHDK7MJ7F;
				INFOPLIST_FILE = ColorBackgroundPhotoUITests/Info.plist;
				LD_RUNPATH_SEARCH_PATHS = "$(inherited) @executable_path/Frameworks @loader_path/Frameworks";
				PRODUCT_BUNDLE_IDENTIFIER = sellseal.ColorBackgroundPhotoUITests;
				PRODUCT_NAME = "$(TARGET_NAME)";
				TEST_TARGET_NAME = ColorBackgroundPhoto;
			};
			name = Release;
		};
/* End XCBuildConfiguration section */

/* Begin XCConfigurationList section */
		5C6357AE1DEB490300206023 /* Build configuration list for PBXProject "ColorBackgroundPhoto" */ = {
			isa = XCConfigurationList;
			buildConfigurations = (
				5C6357DE1DEB490300206023 /* Debug */,
				5C6357DF1DEB490300206023 /* Release */,
			);
			defaultConfigurationIsVisible = 0;
			defaultConfigurationName = Release;
		};
		5C6357E01DEB490300206023 /* Build configuration list for PBXNativeTarget "ColorBackgroundPhoto" */ = {
			isa = XCConfigurationList;
			buildConfigurations = (
				5C6357E11DEB490300206023 /* Debug */,
				5C6357E21DEB490300206023 /* Release */,
			);
			defaultConfigurationIsVisible = 0;
		};
		5C6357E31DEB490300206023 /* Build configuration list for PBXNativeTarget "ColorBackgroundPhotoTests" */ = {
			isa = XCConfigurationList;
			buildConfigurations = (
				5C6357E41DEB490300206023 /* Debug */,
				5C6357E51DEB490300206023 /* Release */,
			);
			defaultConfigurationIsVisible = 0;
		};
		5C6357E61DEB490300206023 /* Build configuration list for PBXNativeTarget "ColorBackgroundPhotoUITests" */ = {
			isa = XCConfigurationList;
			buildConfigurations = (
				5C6357E71DEB490300206023 /* Debug */,
				5C6357E81DEB490300206023 /* Release */,
			);
			defaultConfigurationIsVisible = 0;
		};
/* End XCConfigurationList section */
	};
	rootObject = 5C6357AB1DEB490300206023 /* Project object */;
}
